
Microsoft Visual Studio Solution File, Format Version 12.00
# Visual Studio Version 17
VisualStudioVersion = 17.12.35527.113
MinimumVisualStudioVersion = 10.0.40219.1
Project("{FAE04EC0-301F-11D3-BF4B-00C04F79EFBC}") = "Computer Store", "Computer Store.csproj", "{CC1007E9-0F60-4C62-8C8F-1AC613E85D2D}"
EndProject
Global
	GlobalSection(SolutionConfigurationPlatforms) = preSolution
		Debug|Any CPU = Debug|Any CPU
		Release|Any CPU = Release|Any CPU
	EndGlobalSection
	GlobalSection(ProjectConfigurationPlatforms) = postSolution
		{CC1007E9-0F60-4C62-8C8F-1AC613E85D2D}.Debug|Any CPU.ActiveCfg = Debug|Any CPU
		{CC1007E9-0F60-4C62-8C8F-1AC613E85D2D}.Debug|Any CPU.Build.0 = Debug|Any CPU
		{CC1007E9-0F60-4C62-8C8F-1AC613E85D2D}.Release|Any CPU.ActiveCfg = Release|Any CPU
		{CC1007E9-0F60-4C62-8C8F-1AC613E85D2D}.Release|Any CPU.Build.0 = Release|Any CPU
	EndGlobalSection
	GlobalSection(SolutionProperties) = preSolution
		HideSolutionNode = FALSE
	EndGlobalSection
	GlobalSection(ExtensibilityGlobals) = postSolution
		SolutionGuid = {AAE63739-728C-4BB1-906C-6EDB76F3CD6D}
	EndGlobalSection
EndGlobal
